github.com/payfazz/go-errors/v2 v2.1.0 h1:OMZodi6OWF58X1VN1rFtwCfjwFd4RLrTdvuNIu5MXJI=
github.com/payfazz/go-errors/v2 v2.1.0/go.mod h1:KBBzNZFQ5is9ms1M64V5NUAG6AuD4ASAh/pcOdm/Iw8=
github.com/payfazz/go-errors/v2 v2.2.0 h1:dyZMgOXSBvCz/ic95Uzn2ROl8beEFevvrwgjmJMx/jo=
github.com/payfazz/go-errors/v2 v2.2.0/go.mod h1:KBBzNZFQ5is9ms1M64V5NUAG6AuD4ASAh/pcOdm/Iw8=
