github.com/win-t/go-errors v1.0.0 h1:IUITuIfC/uFISM/mkF11aqmg8VN1JfeZ4eMDv0dwlqk=
github.com/win-t/go-errors v1.0.0/go.mod h1:AjmSdfFAlJWMoN1Gv/1NJ0Z/eWIm70ZG/ALmPLZhNsA=
github.com/win-t/go-typedcontext v1.0.0 h1:1KA8y9iGyFZqS73+mLblT350Ao6h3WvSpfwOJ6lWoP4=
github.com/win-t/go-typedcontext v1.0.0/go.mod h1:c9yDrInrtA32YZRgBwoFGMjWAP163YmEDeoRByWntlA=
